
Microsoft Visual Studio Solution File, Format Version 12.00
# Visual Studio Version 16
VisualStudioVersion = 16.0.30204.135
MinimumVisualStudioVersion = 10.0.40219.1
Project("{FAE04EC0-301F-11D3-BF4B-00C04F79EFBC}") = "Meadow.TinyCLR.Core", "Meadow.TinyCLR.Core\Meadow.TinyCLR.Core.csproj", "{FDCE6F4B-AF2F-4F47-9903-5C7132A4E276}"
EndProject
Project("{2150E333-8FDC-42A3-9474-1A3956D46DE8}") = "Libraries_and_Frameworks", "Libraries_and_Frameworks", "{7544EE17-9692-45D1-AEA2-3A690B0EC11D}"
EndProject
Project("{FAE04EC0-301F-11D3-BF4B-00C04F79EFBC}") = "DataLoggers", "DataLoggers\DataLoggers.csproj", "{C843AF71-6BF5-4209-8619-9F40D000FA7F}"
EndProject
Project("{FAE04EC0-301F-11D3-BF4B-00C04F79EFBC}") = "DataLoggers.AdafruitIO", "DataLoggers.AdafruitIO\DataLoggers.AdafruitIO.csproj", "{0262A796-5B3A-4EB7-B20E-9BA7C4B4B368}"
EndProject
Project("{FAE04EC0-301F-11D3-BF4B-00C04F79EFBC}") = "DataLoggers.ThingSpeak", "DataLoggers.ThingSpeak\DataLoggers.ThingSpeak.csproj", "{88FABC71-327E-4A9E-8A7D-BB170C0E9771}"
EndProject
Project("{FAE04EC0-301F-11D3-BF4B-00C04F79EFBC}") = "Displays.GraphicsLibrary", "Displays.GraphicsLibrary\Displays.GraphicsLibrary.csproj", "{228DEDF1-06DD-439C-A5AD-E1EC2856F71F}"
EndProject
Project("{FAE04EC0-301F-11D3-BF4B-00C04F79EFBC}") = "Displays.TextDisplayMenu", "Displays.TextDisplayMenu\Displays.TextDisplayMenu.csproj", "{70C31B4B-F4F4-465B-B3BC-152F1D25F308}"
EndProject
Project("{FAE04EC0-301F-11D3-BF4B-00C04F79EFBC}") = "JsonNetMF", "JsonNetMF\JsonNetMF.csproj", "{D03F8584-9FCA-4E1B-8A44-E2D599B5AF2F}"
EndProject
Project("{FAE04EC0-301F-11D3-BF4B-00C04F79EFBC}") = "Sensors.Location.Gnss.NmeaParsing", "Sensors.Location.Gnss.NmeaParsing\Sensors.Location.Gnss.NmeaParsing.csproj", "{A3A4598B-6C90-4917-9D33-B048D97C644C}"
EndProject
Project("{2150E333-8FDC-42A3-9474-1A3956D46DE8}") = "Peripherals", "Peripherals", "{AAF3B164-5B97-4A1B-B1E0-95D432554468}"
EndProject
Project("{2150E333-8FDC-42A3-9474-1A3956D46DE8}") = "Audio.Radio.Tea5767", "Audio.Radio.Tea5767", "{64D96487-C18C-4923-961D-7A577A4007E7}"
EndProject
Project("{FAE04EC0-301F-11D3-BF4B-00C04F79EFBC}") = "Audio.Radio.Tea5767", "Audio.Radio.Tea5767\Audio.Radio.Tea5767.csproj", "{F72C7B68-63CB-45D7-94EB-45439C292E65}"
EndProject
Project("{2150E333-8FDC-42A3-9474-1A3956D46DE8}") = "Displays.ePaper", "Displays.ePaper", "{A3E91233-14B7-4AAD-9B9E-8BD15C3DE002}"
EndProject
Project("{FAE04EC0-301F-11D3-BF4B-00C04F79EFBC}") = "Displays.ePaper", "Displays.ePaper\Displays.ePaper.csproj", "{CA68CE2B-48F6-4314-85F4-E700535B961C}"
EndProject
Project("{2150E333-8FDC-42A3-9474-1A3956D46DE8}") = "Displays.Lcd.CharacterDisplay", "Displays.Lcd.CharacterDisplay", "{EA5F259D-EAC8-4030-8DB4-85E68D654832}"
EndProject
Project("{FAE04EC0-301F-11D3-BF4B-00C04F79EFBC}") = "Displays.Lcd.CharacterDisplay", "Displays.Lcd.CharacterDisplay\Displays.Lcd.CharacterDisplay.csproj", "{21CF25CD-B1E0-487D-B801-CBFFBB1FE88B}"
EndProject
Project("{2150E333-8FDC-42A3-9474-1A3956D46DE8}") = "Displays.Led.FourDigitSevenSegment", "Displays.Led.FourDigitSevenSegment", "{E4FEE05E-AF1A-49CB-9952-BBF609995614}"
EndProject
Project("{FAE04EC0-301F-11D3-BF4B-00C04F79EFBC}") = "Displays.Led.FourDigitSevenSegment", "Displays.Led.FourDigitSevenSegment\Displays.Led.FourDigitSevenSegment.csproj", "{A571B0A6-9608-48FA-92FE-3BD3B1A09655}"
EndProject
Project("{2150E333-8FDC-42A3-9474-1A3956D46DE8}") = "Displays.Led.SevenSegment", "Displays.Led.SevenSegment", "{985D6C27-C586-4CB7-9C55-6E910B5CE1D6}"
EndProject
Project("{FAE04EC0-301F-11D3-BF4B-00C04F79EFBC}") = "Displays.Led.SevenSegment", "Displays.Led.SevenSegment\Displays.Led.SevenSegment.csproj", "{CF61BC52-9489-4B5C-945E-51B7B965D2D2}"
EndProject
Project("{2150E333-8FDC-42A3-9474-1A3956D46DE8}") = "Displays.Max7219", "Displays.Max7219", "{A086E870-9636-4DFD-B080-E9FD0FA99775}"
EndProject
Project("{FAE04EC0-301F-11D3-BF4B-00C04F79EFBC}") = "Displays.Max7219", "Displays.Max7219\Displays.Max7219.csproj", "{A56C869C-0B6E-48B5-8265-3C51788DC453}"
EndProject
Project("{2150E333-8FDC-42A3-9474-1A3956D46DE8}") = "Displays.Pcd8544", "Displays.Pcd8544", "{E18B7A3F-3488-4DD1-A66F-3E72D85B2358}"
EndProject
Project("{FAE04EC0-301F-11D3-BF4B-00C04F79EFBC}") = "Displays.Pcd8544", "Displays.Pcd8544\Displays.Pcd8544.csproj", "{5463974B-2504-4F26-8DAD-00D2BABCE572}"
EndProject
Project("{2150E333-8FDC-42A3-9474-1A3956D46DE8}") = "Displays.SerialLcd", "Displays.SerialLcd", "{CB6316EF-3CA2-4A11-A059-EC575E996EF2}"
EndProject
Project("{FAE04EC0-301F-11D3-BF4B-00C04F79EFBC}") = "Displays.SerialLcd", "Displays.SerialLcd\Displays.SerialLcd.csproj", "{B36E413F-A1F5-4547-8858-D4BBB23BED53}"
EndProject
Project("{2150E333-8FDC-42A3-9474-1A3956D46DE8}") = "Displays.Ssd1306", "Displays.Ssd1306", "{163E9420-640C-40B2-98A8-2767056E3F78}"
EndProject
Project("{FAE04EC0-301F-11D3-BF4B-00C04F79EFBC}") = "Displays.Ssd1306", "Displays.Ssd1306\Displays.Ssd1306.csproj", "{042A7520-0A78-4382-8D37-9CA09CF33A40}"
EndProject
Project("{2150E333-8FDC-42A3-9474-1A3956D46DE8}") = "Displays.St7565", "Displays.St7565", "{1EDA4434-ECB3-44A4-9545-0AB597CFB5B6}"
EndProject
Project("{FAE04EC0-301F-11D3-BF4B-00C04F79EFBC}") = "Displays.ST7565", "Displays.ST7565\Displays.ST7565.csproj", "{2AF061F3-28F0-4CB1-8D44-D8EC3746B44A}"
EndProject
Project("{2150E333-8FDC-42A3-9474-1A3956D46DE8}") = "Displays.TftSpi", "Displays.TftSpi", "{22D7C48E-C1E2-4D74-AE6E-7768EDA86E61}"
EndProject
Project("{FAE04EC0-301F-11D3-BF4B-00C04F79EFBC}") = "Displays.TftSpi", "Displays.TftSpi\Displays.TftSpi.csproj", "{8593716D-34AA-4675-A3C0-1809982C520D}"
EndProject
Project("{2150E333-8FDC-42A3-9474-1A3956D46DE8}") = "Displays.Tm1637", "Displays.Tm1637", "{3B298669-61B3-4CFE-ADCE-C973FA174770}"
EndProject
Project("{FAE04EC0-301F-11D3-BF4B-00C04F79EFBC}") = "Displays.Tm1637", "Displays.Tm1637\Displays.Tm1637.csproj", "{5DA1BE1C-6C40-4AB5-A48B-468AE4061DA2}"
EndProject
Project("{2150E333-8FDC-42A3-9474-1A3956D46DE8}") = "ICs.EEPROM.AT24Cxx", "ICs.EEPROM.AT24Cxx", "{C2D2AC88-E5F5-42D3-BF35-DA4B0D257648}"
EndProject
Project("{FAE04EC0-301F-11D3-BF4B-00C04F79EFBC}") = "ICs.EEPROM.AT24Cxx", "ICs.EEPROM.AT24Cxx\ICs.EEPROM.AT24Cxx.csproj", "{B30298A6-9802-41D6-8A09-406C66392EFB}"
EndProject
Project("{2150E333-8FDC-42A3-9474-1A3956D46DE8}") = "ICs.IOExpanders.Ht16K33", "ICs.IOExpanders.Ht16K33", "{42C6AFDF-E1AF-4807-9AF3-FB3F3930DEE3}"
EndProject
Project("{FAE04EC0-301F-11D3-BF4B-00C04F79EFBC}") = "ICs.IOExpanders.HT16K33", "ICs.IOExpanders.HT16K33\ICs.IOExpanders.HT16K33.csproj", "{6A3FFE5C-C81A-4307-B80B-A32C9A9C26BE}"
EndProject
Project("{2150E333-8FDC-42A3-9474-1A3956D46DE8}") = "ICs.IOExpanders.IS31FL3731", "ICs.IOExpanders.IS31FL3731", "{9F528DE4-C189-4BE6-9CDA-0FFB6B304B26}"
EndProject
Project("{FAE04EC0-301F-11D3-BF4B-00C04F79EFBC}") = "ICs.IOExpanders.Is31fl3731", "ICs.IOExpanders.Is31fl3731\ICs.IOExpanders.Is31fl3731.csproj", "{7CF5BF14-F667-488E-A02A-0FB4CD71541F}"
EndProject
Project("{2150E333-8FDC-42A3-9474-1A3956D46DE8}") = "ICs.IOExpanders.Mcp23x08", "ICs.IOExpanders.Mcp23x08", "{CCF3D4DA-ECA0-46D0-9E37-C2A319036446}"
EndProject
Project("{FAE04EC0-301F-11D3-BF4B-00C04F79EFBC}") = "ICs.IOExpanders.MCP23x08", "ICs.IOExpanders.MCP23x08\ICs.IOExpanders.MCP23x08.csproj", "{5F751523-55F2-4901-A297-B05DD04FE7D8}"
EndProject
Project("{2150E333-8FDC-42A3-9474-1A3956D46DE8}") = "ICs.IOExpanders.Pca9685", "ICs.IOExpanders.Pca9685", "{383C3D21-E1D9-4176-BDA1-A0E5BB1F48C7}"
EndProject
Project("{FAE04EC0-301F-11D3-BF4B-00C04F79EFBC}") = "ICs.IOExpanders.Pca9685", "ICs.IOExpanders.Pca9685\ICs.IOExpanders.Pca9685.csproj", "{74874177-F676-4C9A-BC20-FBC71D911C62}"
EndProject
Project("{2150E333-8FDC-42A3-9474-1A3956D46DE8}") = "ICs.IOExpanders.x74595", "ICs.IOExpanders.x74595", "{46DF5268-D4E3-4A84-B473-FA412F0EC71C}"
EndProject
Project("{FAE04EC0-301F-11D3-BF4B-00C04F79EFBC}") = "ICs.IOExpanders.x74595", "ICs.IOExpanders.x74595\ICs.IOExpanders.x74595.csproj", "{53179FFE-B471-4549-85D4-7118DB7A73C0}"
EndProject
Project("{2150E333-8FDC-42A3-9474-1A3956D46DE8}") = "Leds.Apa102", "Leds.Apa102", "{ED597365-FB23-4F5E-8134-2D0921DA21B9}"
EndProject
Project("{FAE04EC0-301F-11D3-BF4B-00C04F79EFBC}") = "Leds.Apa102", "Leds.Apa102\Leds.Apa102.csproj", "{F931EA15-D94C-4396-8BBE-7BD8FC27053F}"
EndProject
Project("{2150E333-8FDC-42A3-9474-1A3956D46DE8}") = "Motors.Stepper.A4988", "Motors.Stepper.A4988", "{24552C0F-4E5E-4F74-BD48-53863C2D73F2}"
EndProject
Project("{FAE04EC0-301F-11D3-BF4B-00C04F79EFBC}") = "Motors.Stepper.A4988", "Motors.Stepper.A4988\Motors.Stepper.A4988.csproj", "{7264A86B-D015-4321-8DE9-BF8EC57439C6}"
EndProject
Project("{2150E333-8FDC-42A3-9474-1A3956D46DE8}") = "Motors.Stepper.Uln2003", "Motors.Stepper.Uln2003", "{6AAC7C69-C551-4773-9F3F-A5C600939605}"
EndProject
Project("{FAE04EC0-301F-11D3-BF4B-00C04F79EFBC}") = "Motors.Stepper.Uln2003", "Motors.Stepper.Uln2003\Motors.Stepper.Uln2003.csproj", "{5CDD0575-08C4-4456-B75D-71E9C66593D9}"
EndProject
Project("{2150E333-8FDC-42A3-9474-1A3956D46DE8}") = "RTCs.Ds1307", "RTCs.Ds1307", "{5846C2C0-EBD0-4888-8847-BE9FA51C1CED}"
EndProject
Project("{FAE04EC0-301F-11D3-BF4B-00C04F79EFBC}") = "RTCs.DS1307", "RTCs.DS1307\RTCs.DS1307.csproj", "{3236B63B-7708-4B84-BAF9-8A79096E1C71}"
EndProject
Project("{2150E333-8FDC-42A3-9474-1A3956D46DE8}") = "RTCs.Ds323x", "RTCs.Ds323x", "{98D5D958-32ED-4542-9D2A-2C029ED9B513}"
EndProject
Project("{FAE04EC0-301F-11D3-BF4B-00C04F79EFBC}") = "RTCs.DS323x", "RTCs.DS323x\RTCs.DS323x.csproj", "{4304F233-8CA7-414D-B568-841C81A50B59}"
EndProject
Project("{2150E333-8FDC-42A3-9474-1A3956D46DE8}") = "Sensors.Atmospheric.Bme280", "Sensors.Atmospheric.Bme280", "{3E1A7E7B-1923-4105-98E1-F606C218EC5E}"
EndProject
Project("{FAE04EC0-301F-11D3-BF4B-00C04F79EFBC}") = "Sensors.Atmospheric.Bme280", "Sensors.Atmospheric.Bme280\Sensors.Atmospheric.Bme280.csproj", "{FB823AF0-2E8D-4B5E-845D-7F6A5EACD585}"
EndProject
Project("{2150E333-8FDC-42A3-9474-1A3956D46DE8}") = "Sensors.Atmospheric.Bmp085", "Sensors.Atmospheric.Bmp085", "{F11E4174-3C2C-4010-8316-6154936AA300}"
EndProject
Project("{FAE04EC0-301F-11D3-BF4B-00C04F79EFBC}") = "Sensors.Atmospheric.Bmp085", "Sensors.Atmospheric.Bmp085\Sensors.Atmospheric.Bmp085.csproj", "{8BC830EE-D6EB-43E1-8F5D-2352739AB3FE}"
EndProject
Project("{2150E333-8FDC-42A3-9474-1A3956D46DE8}") = "Sensors.Atmospheric.Bmp180", "Sensors.Atmospheric.Bmp180", "{556E7A33-263D-48F6-A794-EB834FD6A162}"
EndProject
Project("{FAE04EC0-301F-11D3-BF4B-00C04F79EFBC}") = "Sensors.Atmospheric.Bmp180", "Sensors.Atmospheric.Bmp180\Sensors.Atmospheric.Bmp180.csproj", "{978201D3-DC25-498F-9DD9-D86AFB919197}"
EndProject
Project("{2150E333-8FDC-42A3-9474-1A3956D46DE8}") = "Sensors.Atmospheric.Dhtxx", "Sensors.Atmospheric.Dhtxx", "{6C6BFF8E-8E8E-4CBF-886B-6CC31C5198B1}"
EndProject
Project("{FAE04EC0-301F-11D3-BF4B-00C04F79EFBC}") = "Sensors.Atmospheric.Dhtxx", "Sensors.Atmospheric.Dhtxx\Sensors.Atmospheric.Dhtxx.csproj", "{F1A44BE6-D656-4AAB-8E58-1AAE19DCB2A3}"
EndProject
Project("{2150E333-8FDC-42A3-9474-1A3956D46DE8}") = "Sensors.Atmospheric.GroveTh02", "Sensors.Atmospheric.GroveTh02", "{0B8BC22A-BDDD-4616-976F-A02624045A76}"
EndProject
Project("{FAE04EC0-301F-11D3-BF4B-00C04F79EFBC}") = "Sensors.Atmospheric.GroveTH02", "Sensors.Atmospheric.GroveTH02\Sensors.Atmospheric.GroveTH02.csproj", "{87EE1B2D-C1A9-4941-A2F6-5361D0939A9B}"
EndProject
Project("{2150E333-8FDC-42A3-9474-1A3956D46DE8}") = "Sensors.Atmospheric.Hih6130", "Sensors.Atmospheric.Hih6130", "{74E26E74-A35E-4FEC-BCB4-E66DA299D5D3}"
EndProject
Project("{FAE04EC0-301F-11D3-BF4B-00C04F79EFBC}") = "Sensors.Atmospheric.HIH6130", "Sensors.Atmospheric.HIH6130\Sensors.Atmospheric.HIH6130.csproj", "{98FCCA79-BAD1-4DF3-B917-97038E4956D5}"
EndProject
Project("{2150E333-8FDC-42A3-9474-1A3956D46DE8}") = "Sensors.Atmospheric.Htu21d", "Sensors.Atmospheric.Htu21d", "{8E5F6D57-E342-45A6-B399-D695A65051E5}"
EndProject
Project("{FAE04EC0-301F-11D3-BF4B-00C04F79EFBC}") = "Sensors.Atmospheric.Htu21d", "Sensors.Atmospheric.Htu21d\Sensors.Atmospheric.Htu21d.csproj", "{4639AD80-2764-4992-B7FB-050B6F8C2981}"
EndProject
Project("{2150E333-8FDC-42A3-9474-1A3956D46DE8}") = "Sensors.Atmospheric.Mpl115A2", "Sensors.Atmospheric.Mpl115A2", "{805E9314-8486-4730-87A9-B7A6E327C6A7}"
EndProject
Project("{FAE04EC0-301F-11D3-BF4B-00C04F79EFBC}") = "Sensors.Atmospheric.MPL115A2", "Sensors.Atmospheric.MPL115A2\Sensors.Atmospheric.MPL115A2.csproj", "{99685D60-E92C-413E-A57C-1E7B83DF8455}"
EndProject
Project("{2150E333-8FDC-42A3-9474-1A3956D46DE8}") = "Sensors.Atmospheric.Mpl3115A2", "Sensors.Atmospheric.Mpl3115A2", "{5A01C122-2BA1-49A5-B67C-48E791C5B1FA}"
EndProject
Project("{FAE04EC0-301F-11D3-BF4B-00C04F79EFBC}") = "Sensors.Atmospheric.MPL3115A2", "Sensors.Atmospheric.MPL3115A2\Sensors.Atmospheric.MPL3115A2.csproj", "{969C36A4-8D7D-4255-B0B6-EA67B38AFE73}"
EndProject
Project("{2150E333-8FDC-42A3-9474-1A3956D46DE8}") = "Sensors.Atmospheric.Ms5611", "Sensors.Atmospheric.Ms5611", "{C6BD92AE-D710-4EEE-A9F8-92ED207BAB3A}"
EndProject
Project("{FAE04EC0-301F-11D3-BF4B-00C04F79EFBC}") = "Sensors.Atmospheric.MS5611", "Sensors.Atmospheric.MS5611\Sensors.Atmospheric.MS5611.csproj", "{678BAAC3-BC09-42E4-A8A4-F77D8CB8A60C}"
EndProject
Project("{2150E333-8FDC-42A3-9474-1A3956D46DE8}") = "Sensors.Atmospheric.Sht31D", "Sensors.Atmospheric.Sht31D", "{1843C9AA-ACE1-4ABF-9F84-A2AD9638DD20}"
EndProject
Project("{FAE04EC0-301F-11D3-BF4B-00C04F79EFBC}") = "Sensors.Atmospheric.SHT31D", "Sensors.Atmospheric.SHT31D\Sensors.Atmospheric.SHT31D.csproj", "{12BDF6B8-356E-4A3C-92E5-3732EEED7173}"
EndProject
Project("{2150E333-8FDC-42A3-9474-1A3956D46DE8}") = "Sensors.Atmospheric.Si70xx", "Sensors.Atmospheric.Si70xx", "{D1F519F7-D40D-421D-943F-B4858A1C637D}"
EndProject
Project("{FAE04EC0-301F-11D3-BF4B-00C04F79EFBC}") = "Sensors.Atmospheric.Si70xx", "Sensors.Atmospheric.Si70xx\Sensors.Atmospheric.Si70xx.csproj", "{98D66C63-565D-44B2-AA54-1404A0AE4223}"
EndProject
Project("{2150E333-8FDC-42A3-9474-1A3956D46DE8}") = "Sensors.Camera.ArducamMini", "Sensors.Camera.ArducamMini", "{46D5E1D4-CDBD-4AC6-A5FB-640150E83E45}"
EndProject
Project("{FAE04EC0-301F-11D3-BF4B-00C04F79EFBC}") = "Sensors.Camera.ArducamMini", "Sensors.Camera.ArducamMini\Sensors.Camera.ArducamMini.csproj", "{075933A0-01EC-40CE-9D3D-8150773EC8D0}"
EndProject
Project("{2150E333-8FDC-42A3-9474-1A3956D46DE8}") = "Sensors.Camera.Mlx90640", "Sensors.Camera.Mlx90640", "{823B6E29-0C6B-4090-BB43-2B3F494175C1}"
EndProject
Project("{FAE04EC0-301F-11D3-BF4B-00C04F79EFBC}") = "Sensors.Camera.Mlx90640", "Sensors.Camera.Mlx90640\Sensors.Camera.Mlx90640.csproj", "{87870B7B-0AFA-4285-B2EB-DEB1F332231B}"
EndProject
Project("{2150E333-8FDC-42A3-9474-1A3956D46DE8}") = "Sensors.Camera.Vc0706", "Sensors.Camera.Vc0706", "{AD72E793-2FF1-401A-BD55-5AA547A41C8C}"
EndProject
Project("{FAE04EC0-301F-11D3-BF4B-00C04F79EFBC}") = "Sensors.Camera.VC0706", "Sensors.Camera.VC0706\Sensors.Camera.VC0706.csproj", "{E7EA7C43-E453-4AEC-9E68-AEEEC5E24569}"
EndProject
Project("{2150E333-8FDC-42A3-9474-1A3956D46DE8}") = "Sensors.Distance.Gp2D12", "Sensors.Distance.Gp2D12", "{43EAC9E2-B2A9-460C-928F-0D5F95F35D85}"
EndProject
Project("{FAE04EC0-301F-11D3-BF4B-00C04F79EFBC}") = "Sensors.Distance.GP2D12", "Sensors.Distance.GP2D12\Sensors.Distance.GP2D12.csproj", "{460C2611-9C1F-4075-B9B9-AF33E7FDD46E}"
EndProject
Global
	GlobalSection(SolutionConfigurationPlatforms) = preSolution
		Debug|Any CPU = Debug|Any CPU
		Release|Any CPU = Release|Any CPU
	EndGlobalSection
	GlobalSection(ProjectConfigurationPlatforms) = postSolution
		{FDCE6F4B-AF2F-4F47-9903-5C7132A4E276}.Debug|Any CPU.ActiveCfg = Debug|Any CPU
		{FDCE6F4B-AF2F-4F47-9903-5C7132A4E276}.Debug|Any CPU.Build.0 = Debug|Any CPU
		{FDCE6F4B-AF2F-4F47-9903-5C7132A4E276}.Release|Any CPU.ActiveCfg = Release|Any CPU
		{FDCE6F4B-AF2F-4F47-9903-5C7132A4E276}.Release|Any CPU.Build.0 = Release|Any CPU
		{C843AF71-6BF5-4209-8619-9F40D000FA7F}.Debug|Any CPU.ActiveCfg = Debug|Any CPU
		{C843AF71-6BF5-4209-8619-9F40D000FA7F}.Debug|Any CPU.Build.0 = Debug|Any CPU
		{C843AF71-6BF5-4209-8619-9F40D000FA7F}.Release|Any CPU.ActiveCfg = Release|Any CPU
		{C843AF71-6BF5-4209-8619-9F40D000FA7F}.Release|Any CPU.Build.0 = Release|Any CPU
		{0262A796-5B3A-4EB7-B20E-9BA7C4B4B368}.Debug|Any CPU.ActiveCfg = Debug|Any CPU
		{0262A796-5B3A-4EB7-B20E-9BA7C4B4B368}.Debug|Any CPU.Build.0 = Debug|Any CPU
		{0262A796-5B3A-4EB7-B20E-9BA7C4B4B368}.Release|Any CPU.ActiveCfg = Release|Any CPU
		{0262A796-5B3A-4EB7-B20E-9BA7C4B4B368}.Release|Any CPU.Build.0 = Release|Any CPU
		{88FABC71-327E-4A9E-8A7D-BB170C0E9771}.Debug|Any CPU.ActiveCfg = Debug|Any CPU
		{88FABC71-327E-4A9E-8A7D-BB170C0E9771}.Debug|Any CPU.Build.0 = Debug|Any CPU
		{88FABC71-327E-4A9E-8A7D-BB170C0E9771}.Release|Any CPU.ActiveCfg = Release|Any CPU
		{88FABC71-327E-4A9E-8A7D-BB170C0E9771}.Release|Any CPU.Build.0 = Release|Any CPU
		{228DEDF1-06DD-439C-A5AD-E1EC2856F71F}.Debug|Any CPU.ActiveCfg = Debug|Any CPU
		{228DEDF1-06DD-439C-A5AD-E1EC2856F71F}.Debug|Any CPU.Build.0 = Debug|Any CPU
		{228DEDF1-06DD-439C-A5AD-E1EC2856F71F}.Release|Any CPU.ActiveCfg = Release|Any CPU
		{228DEDF1-06DD-439C-A5AD-E1EC2856F71F}.Release|Any CPU.Build.0 = Release|Any CPU
		{70C31B4B-F4F4-465B-B3BC-152F1D25F308}.Debug|Any CPU.ActiveCfg = Debug|Any CPU
		{70C31B4B-F4F4-465B-B3BC-152F1D25F308}.Debug|Any CPU.Build.0 = Debug|Any CPU
		{70C31B4B-F4F4-465B-B3BC-152F1D25F308}.Release|Any CPU.ActiveCfg = Release|Any CPU
		{70C31B4B-F4F4-465B-B3BC-152F1D25F308}.Release|Any CPU.Build.0 = Release|Any CPU
		{D03F8584-9FCA-4E1B-8A44-E2D599B5AF2F}.Debug|Any CPU.ActiveCfg = Debug|Any CPU
		{D03F8584-9FCA-4E1B-8A44-E2D599B5AF2F}.Debug|Any CPU.Build.0 = Debug|Any CPU
		{D03F8584-9FCA-4E1B-8A44-E2D599B5AF2F}.Release|Any CPU.ActiveCfg = Release|Any CPU
		{D03F8584-9FCA-4E1B-8A44-E2D599B5AF2F}.Release|Any CPU.Build.0 = Release|Any CPU
		{A3A4598B-6C90-4917-9D33-B048D97C644C}.Debug|Any CPU.ActiveCfg = Debug|Any CPU
		{A3A4598B-6C90-4917-9D33-B048D97C644C}.Debug|Any CPU.Build.0 = Debug|Any CPU
		{A3A4598B-6C90-4917-9D33-B048D97C644C}.Release|Any CPU.ActiveCfg = Release|Any CPU
		{A3A4598B-6C90-4917-9D33-B048D97C644C}.Release|Any CPU.Build.0 = Release|Any CPU
		{F72C7B68-63CB-45D7-94EB-45439C292E65}.Debug|Any CPU.ActiveCfg = Debug|Any CPU
		{F72C7B68-63CB-45D7-94EB-45439C292E65}.Debug|Any CPU.Build.0 = Debug|Any CPU
		{F72C7B68-63CB-45D7-94EB-45439C292E65}.Release|Any CPU.ActiveCfg = Release|Any CPU
		{F72C7B68-63CB-45D7-94EB-45439C292E65}.Release|Any CPU.Build.0 = Release|Any CPU
		{CA68CE2B-48F6-4314-85F4-E700535B961C}.Debug|Any CPU.ActiveCfg = Debug|Any CPU
		{CA68CE2B-48F6-4314-85F4-E700535B961C}.Debug|Any CPU.Build.0 = Debug|Any CPU
		{CA68CE2B-48F6-4314-85F4-E700535B961C}.Release|Any CPU.ActiveCfg = Release|Any CPU
		{CA68CE2B-48F6-4314-85F4-E700535B961C}.Release|Any CPU.Build.0 = Release|Any CPU
		{21CF25CD-B1E0-487D-B801-CBFFBB1FE88B}.Debug|Any CPU.ActiveCfg = Debug|Any CPU
		{21CF25CD-B1E0-487D-B801-CBFFBB1FE88B}.Debug|Any CPU.Build.0 = Debug|Any CPU
		{21CF25CD-B1E0-487D-B801-CBFFBB1FE88B}.Release|Any CPU.ActiveCfg = Release|Any CPU
		{21CF25CD-B1E0-487D-B801-CBFFBB1FE88B}.Release|Any CPU.Build.0 = Release|Any CPU
		{A571B0A6-9608-48FA-92FE-3BD3B1A09655}.Debug|Any CPU.ActiveCfg = Debug|Any CPU
		{A571B0A6-9608-48FA-92FE-3BD3B1A09655}.Debug|Any CPU.Build.0 = Debug|Any CPU
		{A571B0A6-9608-48FA-92FE-3BD3B1A09655}.Release|Any CPU.ActiveCfg = Release|Any CPU
		{A571B0A6-9608-48FA-92FE-3BD3B1A09655}.Release|Any CPU.Build.0 = Release|Any CPU
		{CF61BC52-9489-4B5C-945E-51B7B965D2D2}.Debug|Any CPU.ActiveCfg = Debug|Any CPU
		{CF61BC52-9489-4B5C-945E-51B7B965D2D2}.Debug|Any CPU.Build.0 = Debug|Any CPU
		{CF61BC52-9489-4B5C-945E-51B7B965D2D2}.Release|Any CPU.ActiveCfg = Release|Any CPU
		{CF61BC52-9489-4B5C-945E-51B7B965D2D2}.Release|Any CPU.Build.0 = Release|Any CPU
		{A56C869C-0B6E-48B5-8265-3C51788DC453}.Debug|Any CPU.ActiveCfg = Debug|Any CPU
		{A56C869C-0B6E-48B5-8265-3C51788DC453}.Debug|Any CPU.Build.0 = Debug|Any CPU
		{A56C869C-0B6E-48B5-8265-3C51788DC453}.Release|Any CPU.ActiveCfg = Release|Any CPU
		{A56C869C-0B6E-48B5-8265-3C51788DC453}.Release|Any CPU.Build.0 = Release|Any CPU
		{5463974B-2504-4F26-8DAD-00D2BABCE572}.Debug|Any CPU.ActiveCfg = Debug|Any CPU
		{5463974B-2504-4F26-8DAD-00D2BABCE572}.Debug|Any CPU.Build.0 = Debug|Any CPU
		{5463974B-2504-4F26-8DAD-00D2BABCE572}.Release|Any CPU.ActiveCfg = Release|Any CPU
		{5463974B-2504-4F26-8DAD-00D2BABCE572}.Release|Any CPU.Build.0 = Release|Any CPU
		{B36E413F-A1F5-4547-8858-D4BBB23BED53}.Debug|Any CPU.ActiveCfg = Debug|Any CPU
		{B36E413F-A1F5-4547-8858-D4BBB23BED53}.Debug|Any CPU.Build.0 = Debug|Any CPU
		{B36E413F-A1F5-4547-8858-D4BBB23BED53}.Release|Any CPU.ActiveCfg = Release|Any CPU
		{B36E413F-A1F5-4547-8858-D4BBB23BED53}.Release|Any CPU.Build.0 = Release|Any CPU
		{042A7520-0A78-4382-8D37-9CA09CF33A40}.Debug|Any CPU.ActiveCfg = Debug|Any CPU
		{042A7520-0A78-4382-8D37-9CA09CF33A40}.Debug|Any CPU.Build.0 = Debug|Any CPU
		{042A7520-0A78-4382-8D37-9CA09CF33A40}.Release|Any CPU.ActiveCfg = Release|Any CPU
		{042A7520-0A78-4382-8D37-9CA09CF33A40}.Release|Any CPU.Build.0 = Release|Any CPU
		{2AF061F3-28F0-4CB1-8D44-D8EC3746B44A}.Debug|Any CPU.ActiveCfg = Debug|Any CPU
		{2AF061F3-28F0-4CB1-8D44-D8EC3746B44A}.Debug|Any CPU.Build.0 = Debug|Any CPU
		{2AF061F3-28F0-4CB1-8D44-D8EC3746B44A}.Release|Any CPU.ActiveCfg = Release|Any CPU
		{2AF061F3-28F0-4CB1-8D44-D8EC3746B44A}.Release|Any CPU.Build.0 = Release|Any CPU
		{8593716D-34AA-4675-A3C0-1809982C520D}.Debug|Any CPU.ActiveCfg = Debug|Any CPU
		{8593716D-34AA-4675-A3C0-1809982C520D}.Debug|Any CPU.Build.0 = Debug|Any CPU
		{8593716D-34AA-4675-A3C0-1809982C520D}.Release|Any CPU.ActiveCfg = Release|Any CPU
		{8593716D-34AA-4675-A3C0-1809982C520D}.Release|Any CPU.Build.0 = Release|Any CPU
		{5DA1BE1C-6C40-4AB5-A48B-468AE4061DA2}.Debug|Any CPU.ActiveCfg = Debug|Any CPU
		{5DA1BE1C-6C40-4AB5-A48B-468AE4061DA2}.Debug|Any CPU.Build.0 = Debug|Any CPU
		{5DA1BE1C-6C40-4AB5-A48B-468AE4061DA2}.Release|Any CPU.ActiveCfg = Release|Any CPU
		{5DA1BE1C-6C40-4AB5-A48B-468AE4061DA2}.Release|Any CPU.Build.0 = Release|Any CPU
		{B30298A6-9802-41D6-8A09-406C66392EFB}.Debug|Any CPU.ActiveCfg = Debug|Any CPU
		{B30298A6-9802-41D6-8A09-406C66392EFB}.Debug|Any CPU.Build.0 = Debug|Any CPU
		{B30298A6-9802-41D6-8A09-406C66392EFB}.Release|Any CPU.ActiveCfg = Release|Any CPU
		{B30298A6-9802-41D6-8A09-406C66392EFB}.Release|Any CPU.Build.0 = Release|Any CPU
		{6A3FFE5C-C81A-4307-B80B-A32C9A9C26BE}.Debug|Any CPU.ActiveCfg = Debug|Any CPU
		{6A3FFE5C-C81A-4307-B80B-A32C9A9C26BE}.Debug|Any CPU.Build.0 = Debug|Any CPU
		{6A3FFE5C-C81A-4307-B80B-A32C9A9C26BE}.Release|Any CPU.ActiveCfg = Release|Any CPU
		{6A3FFE5C-C81A-4307-B80B-A32C9A9C26BE}.Release|Any CPU.Build.0 = Release|Any CPU
		{7CF5BF14-F667-488E-A02A-0FB4CD71541F}.Debug|Any CPU.ActiveCfg = Debug|Any CPU
		{7CF5BF14-F667-488E-A02A-0FB4CD71541F}.Debug|Any CPU.Build.0 = Debug|Any CPU
		{7CF5BF14-F667-488E-A02A-0FB4CD71541F}.Release|Any CPU.ActiveCfg = Release|Any CPU
		{7CF5BF14-F667-488E-A02A-0FB4CD71541F}.Release|Any CPU.Build.0 = Release|Any CPU
		{5F751523-55F2-4901-A297-B05DD04FE7D8}.Debug|Any CPU.ActiveCfg = Debug|Any CPU
		{5F751523-55F2-4901-A297-B05DD04FE7D8}.Debug|Any CPU.Build.0 = Debug|Any CPU
		{5F751523-55F2-4901-A297-B05DD04FE7D8}.Release|Any CPU.ActiveCfg = Release|Any CPU
		{5F751523-55F2-4901-A297-B05DD04FE7D8}.Release|Any CPU.Build.0 = Release|Any CPU
		{74874177-F676-4C9A-BC20-FBC71D911C62}.Debug|Any CPU.ActiveCfg = Debug|Any CPU
		{74874177-F676-4C9A-BC20-FBC71D911C62}.Debug|Any CPU.Build.0 = Debug|Any CPU
		{74874177-F676-4C9A-BC20-FBC71D911C62}.Release|Any CPU.ActiveCfg = Release|Any CPU
		{74874177-F676-4C9A-BC20-FBC71D911C62}.Release|Any CPU.Build.0 = Release|Any CPU
		{53179FFE-B471-4549-85D4-7118DB7A73C0}.Debug|Any CPU.ActiveCfg = Debug|Any CPU
		{53179FFE-B471-4549-85D4-7118DB7A73C0}.Debug|Any CPU.Build.0 = Debug|Any CPU
		{53179FFE-B471-4549-85D4-7118DB7A73C0}.Release|Any CPU.ActiveCfg = Release|Any CPU
		{53179FFE-B471-4549-85D4-7118DB7A73C0}.Release|Any CPU.Build.0 = Release|Any CPU
		{F931EA15-D94C-4396-8BBE-7BD8FC27053F}.Debug|Any CPU.ActiveCfg = Debug|Any CPU
		{F931EA15-D94C-4396-8BBE-7BD8FC27053F}.Debug|Any CPU.Build.0 = Debug|Any CPU
		{F931EA15-D94C-4396-8BBE-7BD8FC27053F}.Release|Any CPU.ActiveCfg = Release|Any CPU
		{F931EA15-D94C-4396-8BBE-7BD8FC27053F}.Release|Any CPU.Build.0 = Release|Any CPU
		{7264A86B-D015-4321-8DE9-BF8EC57439C6}.Debug|Any CPU.ActiveCfg = Debug|Any CPU
		{7264A86B-D015-4321-8DE9-BF8EC57439C6}.Debug|Any CPU.Build.0 = Debug|Any CPU
		{7264A86B-D015-4321-8DE9-BF8EC57439C6}.Release|Any CPU.ActiveCfg = Release|Any CPU
		{7264A86B-D015-4321-8DE9-BF8EC57439C6}.Release|Any CPU.Build.0 = Release|Any CPU
		{5CDD0575-08C4-4456-B75D-71E9C66593D9}.Debug|Any CPU.ActiveCfg = Debug|Any CPU
		{5CDD0575-08C4-4456-B75D-71E9C66593D9}.Debug|Any CPU.Build.0 = Debug|Any CPU
		{5CDD0575-08C4-4456-B75D-71E9C66593D9}.Release|Any CPU.ActiveCfg = Release|Any CPU
		{5CDD0575-08C4-4456-B75D-71E9C66593D9}.Release|Any CPU.Build.0 = Release|Any CPU
		{3236B63B-7708-4B84-BAF9-8A79096E1C71}.Debug|Any CPU.ActiveCfg = Debug|Any CPU
		{3236B63B-7708-4B84-BAF9-8A79096E1C71}.Debug|Any CPU.Build.0 = Debug|Any CPU
		{3236B63B-7708-4B84-BAF9-8A79096E1C71}.Release|Any CPU.ActiveCfg = Release|Any CPU
		{3236B63B-7708-4B84-BAF9-8A79096E1C71}.Release|Any CPU.Build.0 = Release|Any CPU
		{4304F233-8CA7-414D-B568-841C81A50B59}.Debug|Any CPU.ActiveCfg = Debug|Any CPU
		{4304F233-8CA7-414D-B568-841C81A50B59}.Debug|Any CPU.Build.0 = Debug|Any CPU
		{4304F233-8CA7-414D-B568-841C81A50B59}.Release|Any CPU.ActiveCfg = Release|Any CPU
		{4304F233-8CA7-414D-B568-841C81A50B59}.Release|Any CPU.Build.0 = Release|Any CPU
		{FB823AF0-2E8D-4B5E-845D-7F6A5EACD585}.Debug|Any CPU.ActiveCfg = Debug|Any CPU
		{FB823AF0-2E8D-4B5E-845D-7F6A5EACD585}.Debug|Any CPU.Build.0 = Debug|Any CPU
		{FB823AF0-2E8D-4B5E-845D-7F6A5EACD585}.Release|Any CPU.ActiveCfg = Release|Any CPU
		{FB823AF0-2E8D-4B5E-845D-7F6A5EACD585}.Release|Any CPU.Build.0 = Release|Any CPU
		{8BC830EE-D6EB-43E1-8F5D-2352739AB3FE}.Debug|Any CPU.ActiveCfg = Debug|Any CPU
		{8BC830EE-D6EB-43E1-8F5D-2352739AB3FE}.Debug|Any CPU.Build.0 = Debug|Any CPU
		{8BC830EE-D6EB-43E1-8F5D-2352739AB3FE}.Release|Any CPU.ActiveCfg = Release|Any CPU
		{8BC830EE-D6EB-43E1-8F5D-2352739AB3FE}.Release|Any CPU.Build.0 = Release|Any CPU
		{978201D3-DC25-498F-9DD9-D86AFB919197}.Debug|Any CPU.ActiveCfg = Debug|Any CPU
		{978201D3-DC25-498F-9DD9-D86AFB919197}.Debug|Any CPU.Build.0 = Debug|Any CPU
		{978201D3-DC25-498F-9DD9-D86AFB919197}.Release|Any CPU.ActiveCfg = Release|Any CPU
		{978201D3-DC25-498F-9DD9-D86AFB919197}.Release|Any CPU.Build.0 = Release|Any CPU
		{F1A44BE6-D656-4AAB-8E58-1AAE19DCB2A3}.Debug|Any CPU.ActiveCfg = Debug|Any CPU
		{F1A44BE6-D656-4AAB-8E58-1AAE19DCB2A3}.Debug|Any CPU.Build.0 = Debug|Any CPU
		{F1A44BE6-D656-4AAB-8E58-1AAE19DCB2A3}.Release|Any CPU.ActiveCfg = Release|Any CPU
		{F1A44BE6-D656-4AAB-8E58-1AAE19DCB2A3}.Release|Any CPU.Build.0 = Release|Any CPU
		{87EE1B2D-C1A9-4941-A2F6-5361D0939A9B}.Debug|Any CPU.ActiveCfg = Debug|Any CPU
		{87EE1B2D-C1A9-4941-A2F6-5361D0939A9B}.Debug|Any CPU.Build.0 = Debug|Any CPU
		{87EE1B2D-C1A9-4941-A2F6-5361D0939A9B}.Release|Any CPU.ActiveCfg = Release|Any CPU
		{87EE1B2D-C1A9-4941-A2F6-5361D0939A9B}.Release|Any CPU.Build.0 = Release|Any CPU
		{98FCCA79-BAD1-4DF3-B917-97038E4956D5}.Debug|Any CPU.ActiveCfg = Debug|Any CPU
		{98FCCA79-BAD1-4DF3-B917-97038E4956D5}.Debug|Any CPU.Build.0 = Debug|Any CPU
		{98FCCA79-BAD1-4DF3-B917-97038E4956D5}.Release|Any CPU.ActiveCfg = Release|Any CPU
		{98FCCA79-BAD1-4DF3-B917-97038E4956D5}.Release|Any CPU.Build.0 = Release|Any CPU
		{4639AD80-2764-4992-B7FB-050B6F8C2981}.Debug|Any CPU.ActiveCfg = Debug|Any CPU
		{4639AD80-2764-4992-B7FB-050B6F8C2981}.Debug|Any CPU.Build.0 = Debug|Any CPU
		{4639AD80-2764-4992-B7FB-050B6F8C2981}.Release|Any CPU.ActiveCfg = Release|Any CPU
		{4639AD80-2764-4992-B7FB-050B6F8C2981}.Release|Any CPU.Build.0 = Release|Any CPU
		{99685D60-E92C-413E-A57C-1E7B83DF8455}.Debug|Any CPU.ActiveCfg = Debug|Any CPU
		{99685D60-E92C-413E-A57C-1E7B83DF8455}.Debug|Any CPU.Build.0 = Debug|Any CPU
		{99685D60-E92C-413E-A57C-1E7B83DF8455}.Release|Any CPU.ActiveCfg = Release|Any CPU
		{99685D60-E92C-413E-A57C-1E7B83DF8455}.Release|Any CPU.Build.0 = Release|Any CPU
		{969C36A4-8D7D-4255-B0B6-EA67B38AFE73}.Debug|Any CPU.ActiveCfg = Debug|Any CPU
		{969C36A4-8D7D-4255-B0B6-EA67B38AFE73}.Debug|Any CPU.Build.0 = Debug|Any CPU
		{969C36A4-8D7D-4255-B0B6-EA67B38AFE73}.Release|Any CPU.ActiveCfg = Release|Any CPU
		{969C36A4-8D7D-4255-B0B6-EA67B38AFE73}.Release|Any CPU.Build.0 = Release|Any CPU
		{678BAAC3-BC09-42E4-A8A4-F77D8CB8A60C}.Debug|Any CPU.ActiveCfg = Debug|Any CPU
		{678BAAC3-BC09-42E4-A8A4-F77D8CB8A60C}.Debug|Any CPU.Build.0 = Debug|Any CPU
		{678BAAC3-BC09-42E4-A8A4-F77D8CB8A60C}.Release|Any CPU.ActiveCfg = Release|Any CPU
		{678BAAC3-BC09-42E4-A8A4-F77D8CB8A60C}.Release|Any CPU.Build.0 = Release|Any CPU
		{12BDF6B8-356E-4A3C-92E5-3732EEED7173}.Debug|Any CPU.ActiveCfg = Debug|Any CPU
		{12BDF6B8-356E-4A3C-92E5-3732EEED7173}.Debug|Any CPU.Build.0 = Debug|Any CPU
		{12BDF6B8-356E-4A3C-92E5-3732EEED7173}.Release|Any CPU.ActiveCfg = Release|Any CPU
		{12BDF6B8-356E-4A3C-92E5-3732EEED7173}.Release|Any CPU.Build.0 = Release|Any CPU
		{98D66C63-565D-44B2-AA54-1404A0AE4223}.Debug|Any CPU.ActiveCfg = Debug|Any CPU
		{98D66C63-565D-44B2-AA54-1404A0AE4223}.Debug|Any CPU.Build.0 = Debug|Any CPU
		{98D66C63-565D-44B2-AA54-1404A0AE4223}.Release|Any CPU.ActiveCfg = Release|Any CPU
		{98D66C63-565D-44B2-AA54-1404A0AE4223}.Release|Any CPU.Build.0 = Release|Any CPU
		{075933A0-01EC-40CE-9D3D-8150773EC8D0}.Debug|Any CPU.ActiveCfg = Debug|Any CPU
		{075933A0-01EC-40CE-9D3D-8150773EC8D0}.Debug|Any CPU.Build.0 = Debug|Any CPU
		{075933A0-01EC-40CE-9D3D-8150773EC8D0}.Release|Any CPU.ActiveCfg = Release|Any CPU
		{075933A0-01EC-40CE-9D3D-8150773EC8D0}.Release|Any CPU.Build.0 = Release|Any CPU
		{87870B7B-0AFA-4285-B2EB-DEB1F332231B}.Debug|Any CPU.ActiveCfg = Debug|Any CPU
		{87870B7B-0AFA-4285-B2EB-DEB1F332231B}.Debug|Any CPU.Build.0 = Debug|Any CPU
		{87870B7B-0AFA-4285-B2EB-DEB1F332231B}.Release|Any CPU.ActiveCfg = Release|Any CPU
		{87870B7B-0AFA-4285-B2EB-DEB1F332231B}.Release|Any CPU.Build.0 = Release|Any CPU
		{E7EA7C43-E453-4AEC-9E68-AEEEC5E24569}.Debug|Any CPU.ActiveCfg = Debug|Any CPU
		{E7EA7C43-E453-4AEC-9E68-AEEEC5E24569}.Debug|Any CPU.Build.0 = Debug|Any CPU
		{E7EA7C43-E453-4AEC-9E68-AEEEC5E24569}.Release|Any CPU.ActiveCfg = Release|Any CPU
		{E7EA7C43-E453-4AEC-9E68-AEEEC5E24569}.Release|Any CPU.Build.0 = Release|Any CPU
		{460C2611-9C1F-4075-B9B9-AF33E7FDD46E}.Debug|Any CPU.ActiveCfg = Debug|Any CPU
		{460C2611-9C1F-4075-B9B9-AF33E7FDD46E}.Debug|Any CPU.Build.0 = Debug|Any CPU
		{460C2611-9C1F-4075-B9B9-AF33E7FDD46E}.Release|Any CPU.ActiveCfg = Release|Any CPU
		{460C2611-9C1F-4075-B9B9-AF33E7FDD46E}.Release|Any CPU.Build.0 = Release|Any CPU
	EndGlobalSection
	GlobalSection(SolutionProperties) = preSolution
		HideSolutionNode = FALSE
	EndGlobalSection
	GlobalSection(NestedProjects) = preSolution
		{C843AF71-6BF5-4209-8619-9F40D000FA7F} = {7544EE17-9692-45D1-AEA2-3A690B0EC11D}
		{0262A796-5B3A-4EB7-B20E-9BA7C4B4B368} = {7544EE17-9692-45D1-AEA2-3A690B0EC11D}
		{88FABC71-327E-4A9E-8A7D-BB170C0E9771} = {7544EE17-9692-45D1-AEA2-3A690B0EC11D}
		{228DEDF1-06DD-439C-A5AD-E1EC2856F71F} = {7544EE17-9692-45D1-AEA2-3A690B0EC11D}
		{70C31B4B-F4F4-465B-B3BC-152F1D25F308} = {7544EE17-9692-45D1-AEA2-3A690B0EC11D}
		{D03F8584-9FCA-4E1B-8A44-E2D599B5AF2F} = {7544EE17-9692-45D1-AEA2-3A690B0EC11D}
		{A3A4598B-6C90-4917-9D33-B048D97C644C} = {7544EE17-9692-45D1-AEA2-3A690B0EC11D}
		{64D96487-C18C-4923-961D-7A577A4007E7} = {AAF3B164-5B97-4A1B-B1E0-95D432554468}
		{F72C7B68-63CB-45D7-94EB-45439C292E65} = {64D96487-C18C-4923-961D-7A577A4007E7}
		{A3E91233-14B7-4AAD-9B9E-8BD15C3DE002} = {AAF3B164-5B97-4A1B-B1E0-95D432554468}
		{CA68CE2B-48F6-4314-85F4-E700535B961C} = {A3E91233-14B7-4AAD-9B9E-8BD15C3DE002}
		{EA5F259D-EAC8-4030-8DB4-85E68D654832} = {AAF3B164-5B97-4A1B-B1E0-95D432554468}
		{21CF25CD-B1E0-487D-B801-CBFFBB1FE88B} = {EA5F259D-EAC8-4030-8DB4-85E68D654832}
		{E4FEE05E-AF1A-49CB-9952-BBF609995614} = {AAF3B164-5B97-4A1B-B1E0-95D432554468}
		{A571B0A6-9608-48FA-92FE-3BD3B1A09655} = {E4FEE05E-AF1A-49CB-9952-BBF609995614}
		{985D6C27-C586-4CB7-9C55-6E910B5CE1D6} = {AAF3B164-5B97-4A1B-B1E0-95D432554468}
		{CF61BC52-9489-4B5C-945E-51B7B965D2D2} = {985D6C27-C586-4CB7-9C55-6E910B5CE1D6}
		{A086E870-9636-4DFD-B080-E9FD0FA99775} = {AAF3B164-5B97-4A1B-B1E0-95D432554468}
		{A56C869C-0B6E-48B5-8265-3C51788DC453} = {A086E870-9636-4DFD-B080-E9FD0FA99775}
		{E18B7A3F-3488-4DD1-A66F-3E72D85B2358} = {AAF3B164-5B97-4A1B-B1E0-95D432554468}
		{5463974B-2504-4F26-8DAD-00D2BABCE572} = {E18B7A3F-3488-4DD1-A66F-3E72D85B2358}
		{CB6316EF-3CA2-4A11-A059-EC575E996EF2} = {AAF3B164-5B97-4A1B-B1E0-95D432554468}
		{B36E413F-A1F5-4547-8858-D4BBB23BED53} = {CB6316EF-3CA2-4A11-A059-EC575E996EF2}
		{163E9420-640C-40B2-98A8-2767056E3F78} = {AAF3B164-5B97-4A1B-B1E0-95D432554468}
		{042A7520-0A78-4382-8D37-9CA09CF33A40} = {163E9420-640C-40B2-98A8-2767056E3F78}
		{1EDA4434-ECB3-44A4-9545-0AB597CFB5B6} = {AAF3B164-5B97-4A1B-B1E0-95D432554468}
		{2AF061F3-28F0-4CB1-8D44-D8EC3746B44A} = {1EDA4434-ECB3-44A4-9545-0AB597CFB5B6}
		{22D7C48E-C1E2-4D74-AE6E-7768EDA86E61} = {AAF3B164-5B97-4A1B-B1E0-95D432554468}
		{8593716D-34AA-4675-A3C0-1809982C520D} = {22D7C48E-C1E2-4D74-AE6E-7768EDA86E61}
		{3B298669-61B3-4CFE-ADCE-C973FA174770} = {AAF3B164-5B97-4A1B-B1E0-95D432554468}
		{5DA1BE1C-6C40-4AB5-A48B-468AE4061DA2} = {3B298669-61B3-4CFE-ADCE-C973FA174770}
		{C2D2AC88-E5F5-42D3-BF35-DA4B0D257648} = {AAF3B164-5B97-4A1B-B1E0-95D432554468}
		{B30298A6-9802-41D6-8A09-406C66392EFB} = {C2D2AC88-E5F5-42D3-BF35-DA4B0D257648}
		{42C6AFDF-E1AF-4807-9AF3-FB3F3930DEE3} = {AAF3B164-5B97-4A1B-B1E0-95D432554468}
		{6A3FFE5C-C81A-4307-B80B-A32C9A9C26BE} = {42C6AFDF-E1AF-4807-9AF3-FB3F3930DEE3}
		{9F528DE4-C189-4BE6-9CDA-0FFB6B304B26} = {AAF3B164-5B97-4A1B-B1E0-95D432554468}
		{7CF5BF14-F667-488E-A02A-0FB4CD71541F} = {9F528DE4-C189-4BE6-9CDA-0FFB6B304B26}
		{CCF3D4DA-ECA0-46D0-9E37-C2A319036446} = {AAF3B164-5B97-4A1B-B1E0-95D432554468}
		{5F751523-55F2-4901-A297-B05DD04FE7D8} = {CCF3D4DA-ECA0-46D0-9E37-C2A319036446}
		{383C3D21-E1D9-4176-BDA1-A0E5BB1F48C7} = {AAF3B164-5B97-4A1B-B1E0-95D432554468}
		{74874177-F676-4C9A-BC20-FBC71D911C62} = {383C3D21-E1D9-4176-BDA1-A0E5BB1F48C7}
		{46DF5268-D4E3-4A84-B473-FA412F0EC71C} = {AAF3B164-5B97-4A1B-B1E0-95D432554468}
		{53179FFE-B471-4549-85D4-7118DB7A73C0} = {46DF5268-D4E3-4A84-B473-FA412F0EC71C}
		{ED597365-FB23-4F5E-8134-2D0921DA21B9} = {AAF3B164-5B97-4A1B-B1E0-95D432554468}
		{F931EA15-D94C-4396-8BBE-7BD8FC27053F} = {ED597365-FB23-4F5E-8134-2D0921DA21B9}
		{24552C0F-4E5E-4F74-BD48-53863C2D73F2} = {AAF3B164-5B97-4A1B-B1E0-95D432554468}
		{7264A86B-D015-4321-8DE9-BF8EC57439C6} = {24552C0F-4E5E-4F74-BD48-53863C2D73F2}
		{6AAC7C69-C551-4773-9F3F-A5C600939605} = {AAF3B164-5B97-4A1B-B1E0-95D432554468}
		{5CDD0575-08C4-4456-B75D-71E9C66593D9} = {6AAC7C69-C551-4773-9F3F-A5C600939605}
		{5846C2C0-EBD0-4888-8847-BE9FA51C1CED} = {AAF3B164-5B97-4A1B-B1E0-95D432554468}
		{3236B63B-7708-4B84-BAF9-8A79096E1C71} = {5846C2C0-EBD0-4888-8847-BE9FA51C1CED}
		{98D5D958-32ED-4542-9D2A-2C029ED9B513} = {AAF3B164-5B97-4A1B-B1E0-95D432554468}
		{4304F233-8CA7-414D-B568-841C81A50B59} = {98D5D958-32ED-4542-9D2A-2C029ED9B513}
		{3E1A7E7B-1923-4105-98E1-F606C218EC5E} = {AAF3B164-5B97-4A1B-B1E0-95D432554468}
		{FB823AF0-2E8D-4B5E-845D-7F6A5EACD585} = {3E1A7E7B-1923-4105-98E1-F606C218EC5E}
		{F11E4174-3C2C-4010-8316-6154936AA300} = {AAF3B164-5B97-4A1B-B1E0-95D432554468}
		{8BC830EE-D6EB-43E1-8F5D-2352739AB3FE} = {F11E4174-3C2C-4010-8316-6154936AA300}
		{556E7A33-263D-48F6-A794-EB834FD6A162} = {AAF3B164-5B97-4A1B-B1E0-95D432554468}
		{978201D3-DC25-498F-9DD9-D86AFB919197} = {556E7A33-263D-48F6-A794-EB834FD6A162}
		{6C6BFF8E-8E8E-4CBF-886B-6CC31C5198B1} = {AAF3B164-5B97-4A1B-B1E0-95D432554468}
		{F1A44BE6-D656-4AAB-8E58-1AAE19DCB2A3} = {6C6BFF8E-8E8E-4CBF-886B-6CC31C5198B1}
		{0B8BC22A-BDDD-4616-976F-A02624045A76} = {AAF3B164-5B97-4A1B-B1E0-95D432554468}
		{87EE1B2D-C1A9-4941-A2F6-5361D0939A9B} = {0B8BC22A-BDDD-4616-976F-A02624045A76}
		{74E26E74-A35E-4FEC-BCB4-E66DA299D5D3} = {AAF3B164-5B97-4A1B-B1E0-95D432554468}
		{98FCCA79-BAD1-4DF3-B917-97038E4956D5} = {74E26E74-A35E-4FEC-BCB4-E66DA299D5D3}
		{8E5F6D57-E342-45A6-B399-D695A65051E5} = {AAF3B164-5B97-4A1B-B1E0-95D432554468}
		{4639AD80-2764-4992-B7FB-050B6F8C2981} = {8E5F6D57-E342-45A6-B399-D695A65051E5}
		{805E9314-8486-4730-87A9-B7A6E327C6A7} = {AAF3B164-5B97-4A1B-B1E0-95D432554468}
		{99685D60-E92C-413E-A57C-1E7B83DF8455} = {805E9314-8486-4730-87A9-B7A6E327C6A7}
		{5A01C122-2BA1-49A5-B67C-48E791C5B1FA} = {AAF3B164-5B97-4A1B-B1E0-95D432554468}
		{969C36A4-8D7D-4255-B0B6-EA67B38AFE73} = {5A01C122-2BA1-49A5-B67C-48E791C5B1FA}
		{C6BD92AE-D710-4EEE-A9F8-92ED207BAB3A} = {AAF3B164-5B97-4A1B-B1E0-95D432554468}
		{678BAAC3-BC09-42E4-A8A4-F77D8CB8A60C} = {C6BD92AE-D710-4EEE-A9F8-92ED207BAB3A}
		{1843C9AA-ACE1-4ABF-9F84-A2AD9638DD20} = {AAF3B164-5B97-4A1B-B1E0-95D432554468}
		{12BDF6B8-356E-4A3C-92E5-3732EEED7173} = {1843C9AA-ACE1-4ABF-9F84-A2AD9638DD20}
		{D1F519F7-D40D-421D-943F-B4858A1C637D} = {AAF3B164-5B97-4A1B-B1E0-95D432554468}
		{98D66C63-565D-44B2-AA54-1404A0AE4223} = {D1F519F7-D40D-421D-943F-B4858A1C637D}
		{46D5E1D4-CDBD-4AC6-A5FB-640150E83E45} = {AAF3B164-5B97-4A1B-B1E0-95D432554468}
		{075933A0-01EC-40CE-9D3D-8150773EC8D0} = {46D5E1D4-CDBD-4AC6-A5FB-640150E83E45}
		{823B6E29-0C6B-4090-BB43-2B3F494175C1} = {AAF3B164-5B97-4A1B-B1E0-95D432554468}
		{87870B7B-0AFA-4285-B2EB-DEB1F332231B} = {823B6E29-0C6B-4090-BB43-2B3F494175C1}
		{AD72E793-2FF1-401A-BD55-5AA547A41C8C} = {AAF3B164-5B97-4A1B-B1E0-95D432554468}
		{E7EA7C43-E453-4AEC-9E68-AEEEC5E24569} = {AD72E793-2FF1-401A-BD55-5AA547A41C8C}
		{43EAC9E2-B2A9-460C-928F-0D5F95F35D85} = {AAF3B164-5B97-4A1B-B1E0-95D432554468}
		{460C2611-9C1F-4075-B9B9-AF33E7FDD46E} = {43EAC9E2-B2A9-460C-928F-0D5F95F35D85}
	EndGlobalSection
	GlobalSection(ExtensibilityGlobals) = postSolution
		SolutionGuid = {B4542B10-CB6F-4DF9-B99C-766A2424513D}
	EndGlobalSection
EndGlobal
