
Microsoft Visual Studio Solution File, Format Version 12.00
# Visual Studio Version 16
VisualStudioVersion = 16.0.30204.135
MinimumVisualStudioVersion = 10.0.40219.1
Project("{FAE04EC0-301F-11D3-BF4B-00C04F79EFBC}") = "Meadow.TinyCLR.Core", "Meadow.TinyCLR.Core\Meadow.TinyCLR.Core.csproj", "{FDCE6F4B-AF2F-4F47-9903-5C7132A4E276}"
EndProject
Project("{2150E333-8FDC-42A3-9474-1A3956D46DE8}") = "Libraries_and_Frameworks", "Libraries_and_Frameworks", "{7544EE17-9692-45D1-AEA2-3A690B0EC11D}"
EndProject
Project("{FAE04EC0-301F-11D3-BF4B-00C04F79EFBC}") = "DataLoggers", "DataLoggers\DataLoggers.csproj", "{C843AF71-6BF5-4209-8619-9F40D000FA7F}"
EndProject
Project("{FAE04EC0-301F-11D3-BF4B-00C04F79EFBC}") = "DataLoggers.AdafruitIO", "DataLoggers.AdafruitIO\DataLoggers.AdafruitIO.csproj", "{0262A796-5B3A-4EB7-B20E-9BA7C4B4B368}"
EndProject
Project("{FAE04EC0-301F-11D3-BF4B-00C04F79EFBC}") = "DataLoggers.ThingSpeak", "DataLoggers.ThingSpeak\DataLoggers.ThingSpeak.csproj", "{88FABC71-327E-4A9E-8A7D-BB170C0E9771}"
EndProject
Project("{FAE04EC0-301F-11D3-BF4B-00C04F79EFBC}") = "Displays.GraphicsLibrary", "Displays.GraphicsLibrary\Displays.GraphicsLibrary.csproj", "{228DEDF1-06DD-439C-A5AD-E1EC2856F71F}"
EndProject
Project("{FAE04EC0-301F-11D3-BF4B-00C04F79EFBC}") = "Displays.TextDisplayMenu", "Displays.TextDisplayMenu\Displays.TextDisplayMenu.csproj", "{70C31B4B-F4F4-465B-B3BC-152F1D25F308}"
EndProject
Project("{FAE04EC0-301F-11D3-BF4B-00C04F79EFBC}") = "JsonNetMF", "JsonNetMF\JsonNetMF.csproj", "{D03F8584-9FCA-4E1B-8A44-E2D599B5AF2F}"
EndProject
Project("{FAE04EC0-301F-11D3-BF4B-00C04F79EFBC}") = "Sensors.Location.Gnss.NmeaParsing", "Sensors.Location.Gnss.NmeaParsing\Sensors.Location.Gnss.NmeaParsing.csproj", "{A3A4598B-6C90-4917-9D33-B048D97C644C}"
EndProject
Global
	GlobalSection(SolutionConfigurationPlatforms) = preSolution
		Debug|Any CPU = Debug|Any CPU
		Release|Any CPU = Release|Any CPU
	EndGlobalSection
	GlobalSection(ProjectConfigurationPlatforms) = postSolution
		{FDCE6F4B-AF2F-4F47-9903-5C7132A4E276}.Debug|Any CPU.ActiveCfg = Debug|Any CPU
		{FDCE6F4B-AF2F-4F47-9903-5C7132A4E276}.Debug|Any CPU.Build.0 = Debug|Any CPU
		{FDCE6F4B-AF2F-4F47-9903-5C7132A4E276}.Release|Any CPU.ActiveCfg = Release|Any CPU
		{FDCE6F4B-AF2F-4F47-9903-5C7132A4E276}.Release|Any CPU.Build.0 = Release|Any CPU
		{C843AF71-6BF5-4209-8619-9F40D000FA7F}.Debug|Any CPU.ActiveCfg = Debug|Any CPU
		{C843AF71-6BF5-4209-8619-9F40D000FA7F}.Debug|Any CPU.Build.0 = Debug|Any CPU
		{C843AF71-6BF5-4209-8619-9F40D000FA7F}.Release|Any CPU.ActiveCfg = Release|Any CPU
		{C843AF71-6BF5-4209-8619-9F40D000FA7F}.Release|Any CPU.Build.0 = Release|Any CPU
		{0262A796-5B3A-4EB7-B20E-9BA7C4B4B368}.Debug|Any CPU.ActiveCfg = Debug|Any CPU
		{0262A796-5B3A-4EB7-B20E-9BA7C4B4B368}.Debug|Any CPU.Build.0 = Debug|Any CPU
		{0262A796-5B3A-4EB7-B20E-9BA7C4B4B368}.Release|Any CPU.ActiveCfg = Release|Any CPU
		{0262A796-5B3A-4EB7-B20E-9BA7C4B4B368}.Release|Any CPU.Build.0 = Release|Any CPU
		{88FABC71-327E-4A9E-8A7D-BB170C0E9771}.Debug|Any CPU.ActiveCfg = Debug|Any CPU
		{88FABC71-327E-4A9E-8A7D-BB170C0E9771}.Debug|Any CPU.Build.0 = Debug|Any CPU
		{88FABC71-327E-4A9E-8A7D-BB170C0E9771}.Release|Any CPU.ActiveCfg = Release|Any CPU
		{88FABC71-327E-4A9E-8A7D-BB170C0E9771}.Release|Any CPU.Build.0 = Release|Any CPU
		{228DEDF1-06DD-439C-A5AD-E1EC2856F71F}.Debug|Any CPU.ActiveCfg = Debug|Any CPU
		{228DEDF1-06DD-439C-A5AD-E1EC2856F71F}.Debug|Any CPU.Build.0 = Debug|Any CPU
		{228DEDF1-06DD-439C-A5AD-E1EC2856F71F}.Release|Any CPU.ActiveCfg = Release|Any CPU
		{228DEDF1-06DD-439C-A5AD-E1EC2856F71F}.Release|Any CPU.Build.0 = Release|Any CPU
		{70C31B4B-F4F4-465B-B3BC-152F1D25F308}.Debug|Any CPU.ActiveCfg = Debug|Any CPU
		{70C31B4B-F4F4-465B-B3BC-152F1D25F308}.Debug|Any CPU.Build.0 = Debug|Any CPU
		{70C31B4B-F4F4-465B-B3BC-152F1D25F308}.Release|Any CPU.ActiveCfg = Release|Any CPU
		{70C31B4B-F4F4-465B-B3BC-152F1D25F308}.Release|Any CPU.Build.0 = Release|Any CPU
		{D03F8584-9FCA-4E1B-8A44-E2D599B5AF2F}.Debug|Any CPU.ActiveCfg = Debug|Any CPU
		{D03F8584-9FCA-4E1B-8A44-E2D599B5AF2F}.Debug|Any CPU.Build.0 = Debug|Any CPU
		{D03F8584-9FCA-4E1B-8A44-E2D599B5AF2F}.Release|Any CPU.ActiveCfg = Release|Any CPU
		{D03F8584-9FCA-4E1B-8A44-E2D599B5AF2F}.Release|Any CPU.Build.0 = Release|Any CPU
		{A3A4598B-6C90-4917-9D33-B048D97C644C}.Debug|Any CPU.ActiveCfg = Debug|Any CPU
		{A3A4598B-6C90-4917-9D33-B048D97C644C}.Debug|Any CPU.Build.0 = Debug|Any CPU
		{A3A4598B-6C90-4917-9D33-B048D97C644C}.Release|Any CPU.ActiveCfg = Release|Any CPU
		{A3A4598B-6C90-4917-9D33-B048D97C644C}.Release|Any CPU.Build.0 = Release|Any CPU
	EndGlobalSection
	GlobalSection(SolutionProperties) = preSolution
		HideSolutionNode = FALSE
	EndGlobalSection
	GlobalSection(NestedProjects) = preSolution
		{C843AF71-6BF5-4209-8619-9F40D000FA7F} = {7544EE17-9692-45D1-AEA2-3A690B0EC11D}
		{0262A796-5B3A-4EB7-B20E-9BA7C4B4B368} = {7544EE17-9692-45D1-AEA2-3A690B0EC11D}
		{88FABC71-327E-4A9E-8A7D-BB170C0E9771} = {7544EE17-9692-45D1-AEA2-3A690B0EC11D}
		{228DEDF1-06DD-439C-A5AD-E1EC2856F71F} = {7544EE17-9692-45D1-AEA2-3A690B0EC11D}
		{70C31B4B-F4F4-465B-B3BC-152F1D25F308} = {7544EE17-9692-45D1-AEA2-3A690B0EC11D}
		{D03F8584-9FCA-4E1B-8A44-E2D599B5AF2F} = {7544EE17-9692-45D1-AEA2-3A690B0EC11D}
		{A3A4598B-6C90-4917-9D33-B048D97C644C} = {7544EE17-9692-45D1-AEA2-3A690B0EC11D}
	EndGlobalSection
	GlobalSection(ExtensibilityGlobals) = postSolution
		SolutionGuid = {B4542B10-CB6F-4DF9-B99C-766A2424513D}
	EndGlobalSection
EndGlobal
